
Microsoft Visual Studio Solution File, Format Version 12.00
# Visual Studio Version 17
VisualStudioVersion = 17.0.31912.275
MinimumVisualStudioVersion = 10.0.40219.1
Project("{FAE04EC0-301F-11D3-BF4B-00C04F79EFBC}") = "LargestNumber", "LargestNumber\LargestNumber.csproj", "{64A36ED4-C6F6-4EA9-AE36-5FF1E557F502}"
EndProject
Global
	GlobalSection(SolutionConfigurationPlatforms) = preSolution
		Debug|Any CPU = Debug|Any CPU
		Release|Any CPU = Release|Any CPU
	EndGlobalSection
	GlobalSection(ProjectConfigurationPlatforms) = postSolution
		{64A36ED4-C6F6-4EA9-AE36-5FF1E557F502}.Debug|Any CPU.ActiveCfg = Debug|Any CPU
		{64A36ED4-C6F6-4EA9-AE36-5FF1E557F502}.Debug|Any CPU.Build.0 = Debug|Any CPU
		{64A36ED4-C6F6-4EA9-AE36-5FF1E557F502}.Release|Any CPU.ActiveCfg = Release|Any CPU
		{64A36ED4-C6F6-4EA9-AE36-5FF1E557F502}.Release|Any CPU.Build.0 = Release|Any CPU
	EndGlobalSection
	GlobalSection(SolutionProperties) = preSolution
		HideSolutionNode = FALSE
	EndGlobalSection
	GlobalSection(ExtensibilityGlobals) = postSolution
		SolutionGuid = {289099C9-309C-489D-82C5-2253DA6048D6}
	EndGlobalSection
EndGlobal
