
Microsoft Visual Studio Solution File, Format Version 12.00
# Visual Studio Version 17
VisualStudioVersion = 17.0.31912.275
MinimumVisualStudioVersion = 10.0.40219.1
Project("{FAE04EC0-301F-11D3-BF4B-00C04F79EFBC}") = "Swap", "Swap\Swap.csproj", "{D21C7AFB-60DB-441B-9398-B5845FE07E6D}"
EndProject
Global
	GlobalSection(SolutionConfigurationPlatforms) = preSolution
		Debug|Any CPU = Debug|Any CPU
		Release|Any CPU = Release|Any CPU
	EndGlobalSection
	GlobalSection(ProjectConfigurationPlatforms) = postSolution
		{D21C7AFB-60DB-441B-9398-B5845FE07E6D}.Debug|Any CPU.ActiveCfg = Debug|Any CPU
		{D21C7AFB-60DB-441B-9398-B5845FE07E6D}.Debug|Any CPU.Build.0 = Debug|Any CPU
		{D21C7AFB-60DB-441B-9398-B5845FE07E6D}.Release|Any CPU.ActiveCfg = Release|Any CPU
		{D21C7AFB-60DB-441B-9398-B5845FE07E6D}.Release|Any CPU.Build.0 = Release|Any CPU
	EndGlobalSection
	GlobalSection(SolutionProperties) = preSolution
		HideSolutionNode = FALSE
	EndGlobalSection
	GlobalSection(ExtensibilityGlobals) = postSolution
		SolutionGuid = {BB50370A-19E7-45AB-BA8C-3AD1DBBF6ED1}
	EndGlobalSection
EndGlobal
