
Microsoft Visual Studio Solution File, Format Version 12.00
# Visual Studio Version 17
VisualStudioVersion = 17.0.31912.275
MinimumVisualStudioVersion = 10.0.40219.1
<<<<<<< HEAD
Project("{FAE04EC0-301F-11D3-BF4B-00C04F79EFBC}") = "FlipCoin", "FlipCoin\FlipCoin.csproj", "{B6E94510-F8BA-4F58-B01F-0557AA247965}"
=======
Project("{FAE04EC0-301F-11D3-BF4B-00C04F79EFBC}") = "FlipCoin", "FlipCoin\FlipCoin.csproj", "{5134B26E-CCFD-4400-A5A6-00D710C2305C}"
>>>>>>> UC1_FlipCoin
EndProject
Global
	GlobalSection(SolutionConfigurationPlatforms) = preSolution
		Debug|Any CPU = Debug|Any CPU
		Release|Any CPU = Release|Any CPU
	EndGlobalSection
	GlobalSection(ProjectConfigurationPlatforms) = postSolution
<<<<<<< HEAD
		{B6E94510-F8BA-4F58-B01F-0557AA247965}.Debug|Any CPU.ActiveCfg = Debug|Any CPU
		{B6E94510-F8BA-4F58-B01F-0557AA247965}.Debug|Any CPU.Build.0 = Debug|Any CPU
		{B6E94510-F8BA-4F58-B01F-0557AA247965}.Release|Any CPU.ActiveCfg = Release|Any CPU
		{B6E94510-F8BA-4F58-B01F-0557AA247965}.Release|Any CPU.Build.0 = Release|Any CPU
=======
		{5134B26E-CCFD-4400-A5A6-00D710C2305C}.Debug|Any CPU.ActiveCfg = Debug|Any CPU
		{5134B26E-CCFD-4400-A5A6-00D710C2305C}.Debug|Any CPU.Build.0 = Debug|Any CPU
		{5134B26E-CCFD-4400-A5A6-00D710C2305C}.Release|Any CPU.ActiveCfg = Release|Any CPU
		{5134B26E-CCFD-4400-A5A6-00D710C2305C}.Release|Any CPU.Build.0 = Release|Any CPU
>>>>>>> UC1_FlipCoin
	EndGlobalSection
	GlobalSection(SolutionProperties) = preSolution
		HideSolutionNode = FALSE
	EndGlobalSection
	GlobalSection(ExtensibilityGlobals) = postSolution
<<<<<<< HEAD
		SolutionGuid = {52FF034D-71FA-43F9-9E22-5414CE800B9B}
=======
		SolutionGuid = {1E09B6AF-05C8-4318-8066-222FA41F19B4}
>>>>>>> UC1_FlipCoin
	EndGlobalSection
EndGlobal
